
Microsoft Visual Studio Solution File, Format Version 12.00
# Visual Studio 2012
Project("{FAE04EC0-301F-11D3-BF4B-00C04F79EFBC}") = "ATM_APP", "ATM_APP\ATM_APP.csproj", "{CE7CD544-B93D-4905-BF6F-14EE26CEA2A3}"
EndProject
Global
	GlobalSection(SolutionConfigurationPlatforms) = preSolution
		Debug|Any CPU = Debug|Any CPU
		Release|Any CPU = Release|Any CPU
	EndGlobalSection
	GlobalSection(ProjectConfigurationPlatforms) = postSolution
		{CE7CD544-B93D-4905-BF6F-14EE26CEA2A3}.Debug|Any CPU.ActiveCfg = Debug|Any CPU
		{CE7CD544-B93D-4905-BF6F-14EE26CEA2A3}.Debug|Any CPU.Build.0 = Debug|Any CPU
		{CE7CD544-B93D-4905-BF6F-14EE26CEA2A3}.Release|Any CPU.ActiveCfg = Release|Any CPU
		{CE7CD544-B93D-4905-BF6F-14EE26CEA2A3}.Release|Any CPU.Build.0 = Release|Any CPU
	EndGlobalSection
	GlobalSection(SolutionProperties) = preSolution
		HideSolutionNode = FALSE
	EndGlobalSection
EndGlobal
